
Microsoft Visual Studio Solution File, Format Version 12.00
# Visual Studio 14
VisualStudioVersion = 14.0.25420.1
MinimumVisualStudioVersion = 10.0.40219.1
Project("{FAE04EC0-301F-11D3-BF4B-00C04F79EFBC}") = "FortressCraftModFoundation", "FortressCraftModFoundation.csproj", "{1684A4B6-1013-4649-AB11-95267328B1EF}"
EndProject
Project("{FAE04EC0-301F-11D3-BF4B-00C04F79EFBC}") = "ModFoundationTest", "..\ModFoundationTest\ModFoundationTest.csproj", "{0D866C20-C1AF-41AA-88DA-AD4ED377F91D}"
EndProject
Global
	GlobalSection(SolutionConfigurationPlatforms) = preSolution
		Debug|Any CPU = Debug|Any CPU
		Release|Any CPU = Release|Any CPU
	EndGlobalSection
	GlobalSection(ProjectConfigurationPlatforms) = postSolution
		{1684A4B6-1013-4649-AB11-95267328B1EF}.Debug|Any CPU.ActiveCfg = Debug|Any CPU
		{1684A4B6-1013-4649-AB11-95267328B1EF}.Debug|Any CPU.Build.0 = Debug|Any CPU
		{1684A4B6-1013-4649-AB11-95267328B1EF}.Release|Any CPU.ActiveCfg = Release|Any CPU
		{1684A4B6-1013-4649-AB11-95267328B1EF}.Release|Any CPU.Build.0 = Release|Any CPU
		{0D866C20-C1AF-41AA-88DA-AD4ED377F91D}.Debug|Any CPU.ActiveCfg = Debug|Any CPU
		{0D866C20-C1AF-41AA-88DA-AD4ED377F91D}.Debug|Any CPU.Build.0 = Debug|Any CPU
		{0D866C20-C1AF-41AA-88DA-AD4ED377F91D}.Release|Any CPU.ActiveCfg = Release|Any CPU
		{0D866C20-C1AF-41AA-88DA-AD4ED377F91D}.Release|Any CPU.Build.0 = Release|Any CPU
	EndGlobalSection
	GlobalSection(SolutionProperties) = preSolution
		HideSolutionNode = FALSE
	EndGlobalSection
EndGlobal
